<?xml version="1.0" encoding="utf-8"?>
<Project ToolsVersion="4.0" xmlns="http://schemas.microsoft.com/developer/msbuild/2003">
  <ItemGroup>
    <CustomBuild Include="..\CMakeFiles\d7928fc1cc41bdd47f59820f5ff83fb4\INSTALL_force.rule">
      <Filter>CMake Rules</Filter>
    </CustomBuild>
  </ItemGroup>
  <ItemGroup>
    <Filter Include="CMake Rules">
      <UniqueIdentifier>{BC68E7E1-63FE-4CC5-971E-D704851D88EC}</UniqueIdentifier>
    </Filter>
  </ItemGroup>
</Project>
