<?xml version="1.0" encoding="utf-8"?>
<Project ToolsVersion="4.0" xmlns="http://schemas.microsoft.com/developer/msbuild/2003">
  <ItemGroup>
    <ClCompile Include="..\..\test\mandelbrot.cxx">
      <Filter>Source Files</Filter>
    </ClCompile>
    <ClCompile Include="mandelbrot_ui.cxx">
      <Filter>Source Files</Filter>
    </ClCompile>
  </ItemGroup>
  <ItemGroup>
    <CustomBuild Include="..\CMakeFiles\ffd2ed56af48779959981c3e535f993f\mandelbrot_ui.cxx.rule">
      <Filter>CMake Rules</Filter>
    </CustomBuild>
    <CustomBuild Include="..\CMakeFiles\ffd2ed56af48779959981c3e535f993f\mandelbrot_ui.h.rule">
      <Filter>CMake Rules</Filter>
    </CustomBuild>
  </ItemGroup>
  <ItemGroup>
    <Filter Include="Source Files">
      <UniqueIdentifier>{FCD43360-2308-4B7A-A8E8-2551D779D5B9}</UniqueIdentifier>
    </Filter>
    <Filter Include="CMake Rules">
      <UniqueIdentifier>{BC68E7E1-63FE-4CC5-971E-D704851D88EC}</UniqueIdentifier>
    </Filter>
  </ItemGroup>
</Project>