Microsoft Visual Studio Solution File, Format Version 12.00
# Visual Studio Version 17
VisualStudioVersion = 17.0.31903.59
MinimumVisualStudioVersion = 10.0.40219.1
Project("{8BC9CEB8-8B4A-11D0-8D11-00A0C91BC942}") = "fltk", "src\fltk.vcxproj", "{A42457CE-4518-4B94-AE1D-585230DEEAC5}"
EndProject
Project("{8BC9CEB8-8B4A-11D0-8D11-00A0C91BC942}") = "fltk_SHARED", "src\fltk_SHARED.vcxproj", "{C29F279A-B0A5-469A-972B-2A17F7E636A8}"
EndProject
Project("{8BC9CEB8-8B4A-11D0-8D11-00A0C91BC942}") = "fltk_forms", "src\fltk_forms.vcxproj", "{3138F03B-3792-4909-8416-E8A4068447C0}"
	ProjectSection(ProjectDependencies) = postProject
		{A42457CE-4518-4B94-AE1D-585230DEEAC5} = {A42457CE-4518-4B94-AE1D-585230DEEAC5}
	EndProjectSection
EndProject
Project("{8BC9CEB8-8B4A-11D0-8D11-00A0C91BC942}") = "fltk_forms_SHARED", "src\fltk_forms_SHARED.vcxproj", "{005BFCE7-3EA9-410B-95BA-25489D64C393}"
	ProjectSection(ProjectDependencies) = postProject
		{A42457CE-4518-4B94-AE1D-585230DEEAC5} = {A42457CE-4518-4B94-AE1D-585230DEEAC5}
	EndProjectSection
EndProject
Project("{8BC9CEB8-8B4A-11D0-8D11-00A0C91BC942}") = "fltk_gl", "src\fltk_gl.vcxproj", "{34669A08-AC35-4B09-B552-C013CF826E85}"
	ProjectSection(ProjectDependencies) = postProject
		{A42457CE-4518-4B94-AE1D-585230DEEAC5} = {A42457CE-4518-4B94-AE1D-585230DEEAC5}
	EndProjectSection
EndProject
Project("{8BC9CEB8-8B4A-11D0-8D11-00A0C91BC942}") = "fltk_gl_SHARED", "src\fltk_gl_SHARED.vcxproj", "{D2B73A16-8B00-4106-8762-2938E7EA76F2}"
	ProjectSection(ProjectDependencies) = postProject
		{A42457CE-4518-4B94-AE1D-585230DEEAC5} = {A42457CE-4518-4B94-AE1D-585230DEEAC5}
	EndProjectSection
EndProject
Project("{8BC9CEB8-8B4A-11D0-8D11-00A0C91BC942}") = "fltk_images", "src\fltk_images.vcxproj", "{D55386F6-1119-4AD1-9052-2690C3FE777D}"
	ProjectSection(ProjectDependencies) = postProject
		{A42457CE-4518-4B94-AE1D-585230DEEAC5} = {A42457CE-4518-4B94-AE1D-585230DEEAC5}
	EndProjectSection
EndProject
Project("{8BC9CEB8-8B4A-11D0-8D11-00A0C91BC942}") = "fltk_images_SHARED", "src\fltk_images_SHARED.vcxproj", "{96DE38BD-545F-4A54-942C-08195B42A16A}"
	ProjectSection(ProjectDependencies) = postProject
		{A42457CE-4518-4B94-AE1D-585230DEEAC5} = {A42457CE-4518-4B94-AE1D-585230DEEAC5}
	EndProjectSection
EndProject
Global
	GlobalSection(SolutionConfigurationPlatforms) = preSolution
		vs2019_Debug|x64 = vs2019_Debug|x64
		vs2019_Debug|x86 = vs2019_Debug|x86
		vs2019_Release|x64 = vs2019_Release|x64
		vs2019_Release|x86 = vs2019_Release|x86
		vs2022_Debug|x64 = vs2022_Debug|x64
		vs2022_Debug|x86 = vs2022_Debug|x86
		vs2022_Release|x64 = vs2022_Release|x64
		vs2022_Release|x86 = vs2022_Release|x86
	EndGlobalSection
	GlobalSection(ProjectConfigurationPlatforms) = postSolution
		{A42457CE-4518-4B94-AE1D-585230DEEAC5}.vs2019_Debug|x64.ActiveCfg = vs2019_Debug|x64
		{A42457CE-4518-4B94-AE1D-585230DEEAC5}.vs2019_Debug|x64.Build.0 = vs2019_Debug|x64
		{A42457CE-4518-4B94-AE1D-585230DEEAC5}.vs2019_Debug|x86.ActiveCfg = vs2019_Debug|Win32
		{A42457CE-4518-4B94-AE1D-585230DEEAC5}.vs2019_Debug|x86.Build.0 = vs2019_Debug|Win32
		{A42457CE-4518-4B94-AE1D-585230DEEAC5}.vs2019_Release|x64.ActiveCfg = vs2019_Release|x64
		{A42457CE-4518-4B94-AE1D-585230DEEAC5}.vs2019_Release|x64.Build.0 = vs2019_Release|x64
		{A42457CE-4518-4B94-AE1D-585230DEEAC5}.vs2019_Release|x86.ActiveCfg = vs2019_Release|Win32
		{A42457CE-4518-4B94-AE1D-585230DEEAC5}.vs2019_Release|x86.Build.0 = vs2019_Release|Win32
		{A42457CE-4518-4B94-AE1D-585230DEEAC5}.vs2022_Debug|x64.ActiveCfg = vs2022_Debug|x64
		{A42457CE-4518-4B94-AE1D-585230DEEAC5}.vs2022_Debug|x64.Build.0 = vs2022_Debug|x64
		{A42457CE-4518-4B94-AE1D-585230DEEAC5}.vs2022_Debug|x86.ActiveCfg = vs2022_Debug|Win32
		{A42457CE-4518-4B94-AE1D-585230DEEAC5}.vs2022_Debug|x86.Build.0 = vs2022_Debug|Win32
		{A42457CE-4518-4B94-AE1D-585230DEEAC5}.vs2022_Release|x64.ActiveCfg = vs2022_Release|x64
		{A42457CE-4518-4B94-AE1D-585230DEEAC5}.vs2022_Release|x64.Build.0 = vs2022_Release|x64
		{A42457CE-4518-4B94-AE1D-585230DEEAC5}.vs2022_Release|x86.ActiveCfg = vs2022_Release|Win32
		{A42457CE-4518-4B94-AE1D-585230DEEAC5}.vs2022_Release|x86.Build.0 = vs2022_Release|Win32
		{C29F279A-B0A5-469A-972B-2A17F7E636A8}.vs2019_Debug|x64.ActiveCfg = vs2019_Debug|x64
		{C29F279A-B0A5-469A-972B-2A17F7E636A8}.vs2019_Debug|x64.Build.0 = vs2019_Debug|x64
		{C29F279A-B0A5-469A-972B-2A17F7E636A8}.vs2019_Debug|x86.ActiveCfg = vs2019_Debug|Win32
		{C29F279A-B0A5-469A-972B-2A17F7E636A8}.vs2019_Debug|x86.Build.0 = vs2019_Debug|Win32
		{C29F279A-B0A5-469A-972B-2A17F7E636A8}.vs2019_Release|x64.ActiveCfg = vs2019_Release|x64
		{C29F279A-B0A5-469A-972B-2A17F7E636A8}.vs2019_Release|x64.Build.0 = vs2019_Release|x64
		{C29F279A-B0A5-469A-972B-2A17F7E636A8}.vs2019_Release|x86.ActiveCfg = vs2019_Release|Win32
		{C29F279A-B0A5-469A-972B-2A17F7E636A8}.vs2019_Release|x86.Build.0 = vs2019_Release|Win32
		{C29F279A-B0A5-469A-972B-2A17F7E636A8}.vs2022_Debug|x64.ActiveCfg = vs2022_Debug|x64
		{C29F279A-B0A5-469A-972B-2A17F7E636A8}.vs2022_Debug|x64.Build.0 = vs2022_Debug|x64
		{C29F279A-B0A5-469A-972B-2A17F7E636A8}.vs2022_Debug|x86.ActiveCfg = vs2022_Debug|Win32
		{C29F279A-B0A5-469A-972B-2A17F7E636A8}.vs2022_Debug|x86.Build.0 = vs2022_Debug|Win32
		{C29F279A-B0A5-469A-972B-2A17F7E636A8}.vs2022_Release|x64.ActiveCfg = vs2022_Release|x64
		{C29F279A-B0A5-469A-972B-2A17F7E636A8}.vs2022_Release|x64.Build.0 = vs2022_Release|x64
		{C29F279A-B0A5-469A-972B-2A17F7E636A8}.vs2022_Release|x86.ActiveCfg = vs2022_Release|Win32
		{C29F279A-B0A5-469A-972B-2A17F7E636A8}.vs2022_Release|x86.Build.0 = vs2022_Release|Win32
		{3138F03B-3792-4909-8416-E8A4068447C0}.vs2019_Debug|x64.ActiveCfg = vs2019_Debug|x64
		{3138F03B-3792-4909-8416-E8A4068447C0}.vs2019_Debug|x64.Build.0 = vs2019_Debug|x64
		{3138F03B-3792-4909-8416-E8A4068447C0}.vs2019_Debug|x86.ActiveCfg = vs2019_Debug|Win32
		{3138F03B-3792-4909-8416-E8A4068447C0}.vs2019_Debug|x86.Build.0 = vs2019_Debug|Win32
		{3138F03B-3792-4909-8416-E8A4068447C0}.vs2019_Release|x64.ActiveCfg = vs2019_Release|x64
		{3138F03B-3792-4909-8416-E8A4068447C0}.vs2019_Release|x64.Build.0 = vs2019_Release|x64
		{3138F03B-3792-4909-8416-E8A4068447C0}.vs2019_Release|x86.ActiveCfg = vs2019_Release|Win32
		{3138F03B-3792-4909-8416-E8A4068447C0}.vs2019_Release|x86.Build.0 = vs2019_Release|Win32
		{3138F03B-3792-4909-8416-E8A4068447C0}.vs2022_Debug|x64.ActiveCfg = vs2022_Debug|x64
		{3138F03B-3792-4909-8416-E8A4068447C0}.vs2022_Debug|x64.Build.0 = vs2022_Debug|x64
		{3138F03B-3792-4909-8416-E8A4068447C0}.vs2022_Debug|x86.ActiveCfg = vs2022_Debug|Win32
		{3138F03B-3792-4909-8416-E8A4068447C0}.vs2022_Debug|x86.Build.0 = vs2022_Debug|Win32
		{3138F03B-3792-4909-8416-E8A4068447C0}.vs2022_Release|x64.ActiveCfg = vs2022_Release|x64
		{3138F03B-3792-4909-8416-E8A4068447C0}.vs2022_Release|x64.Build.0 = vs2022_Release|x64
		{3138F03B-3792-4909-8416-E8A4068447C0}.vs2022_Release|x86.ActiveCfg = vs2022_Release|Win32
		{3138F03B-3792-4909-8416-E8A4068447C0}.vs2022_Release|x86.Build.0 = vs2022_Release|Win32
		{005BFCE7-3EA9-410B-95BA-25489D64C393}.vs2019_Debug|x64.ActiveCfg = vs2019_Debug|x64
		{005BFCE7-3EA9-410B-95BA-25489D64C393}.vs2019_Debug|x64.Build.0 = vs2019_Debug|x64
		{005BFCE7-3EA9-410B-95BA-25489D64C393}.vs2019_Debug|x86.ActiveCfg = vs2019_Debug|Win32
		{005BFCE7-3EA9-410B-95BA-25489D64C393}.vs2019_Debug|x86.Build.0 = vs2019_Debug|Win32
		{005BFCE7-3EA9-410B-95BA-25489D64C393}.vs2019_Release|x64.ActiveCfg = vs2019_Release|x64
		{005BFCE7-3EA9-410B-95BA-25489D64C393}.vs2019_Release|x64.Build.0 = vs2019_Release|x64
		{005BFCE7-3EA9-410B-95BA-25489D64C393}.vs2019_Release|x86.ActiveCfg = vs2019_Release|Win32
		{005BFCE7-3EA9-410B-95BA-25489D64C393}.vs2019_Release|x86.Build.0 = vs2019_Release|Win32
		{005BFCE7-3EA9-410B-95BA-25489D64C393}.vs2022_Debug|x64.ActiveCfg = vs2022_Debug|x64
		{005BFCE7-3EA9-410B-95BA-25489D64C393}.vs2022_Debug|x64.Build.0 = vs2022_Debug|x64
		{005BFCE7-3EA9-410B-95BA-25489D64C393}.vs2022_Debug|x86.ActiveCfg = vs2022_Debug|Win32
		{005BFCE7-3EA9-410B-95BA-25489D64C393}.vs2022_Debug|x86.Build.0 = vs2022_Debug|Win32
		{005BFCE7-3EA9-410B-95BA-25489D64C393}.vs2022_Release|x64.ActiveCfg = vs2022_Release|x64
		{005BFCE7-3EA9-410B-95BA-25489D64C393}.vs2022_Release|x64.Build.0 = vs2022_Release|x64
		{005BFCE7-3EA9-410B-95BA-25489D64C393}.vs2022_Release|x86.ActiveCfg = vs2022_Release|Win32
		{005BFCE7-3EA9-410B-95BA-25489D64C393}.vs2022_Release|x86.Build.0 = vs2022_Release|Win32
		{34669A08-AC35-4B09-B552-C013CF826E85}.vs2019_Debug|x64.ActiveCfg = vs2019_Debug|x64
		{34669A08-AC35-4B09-B552-C013CF826E85}.vs2019_Debug|x64.Build.0 = vs2019_Debug|x64
		{34669A08-AC35-4B09-B552-C013CF826E85}.vs2019_Debug|x86.ActiveCfg = vs2019_Debug|Win32
		{34669A08-AC35-4B09-B552-C013CF826E85}.vs2019_Debug|x86.Build.0 = vs2019_Debug|Win32
		{34669A08-AC35-4B09-B552-C013CF826E85}.vs2019_Release|x64.ActiveCfg = vs2019_Release|x64
		{34669A08-AC35-4B09-B552-C013CF826E85}.vs2019_Release|x64.Build.0 = vs2019_Release|x64
		{34669A08-AC35-4B09-B552-C013CF826E85}.vs2019_Release|x86.ActiveCfg = vs2019_Release|Win32
		{34669A08-AC35-4B09-B552-C013CF826E85}.vs2019_Release|x86.Build.0 = vs2019_Release|Win32
		{34669A08-AC35-4B09-B552-C013CF826E85}.vs2022_Debug|x64.ActiveCfg = vs2022_Debug|x64
		{34669A08-AC35-4B09-B552-C013CF826E85}.vs2022_Debug|x64.Build.0 = vs2022_Debug|x64
		{34669A08-AC35-4B09-B552-C013CF826E85}.vs2022_Debug|x86.ActiveCfg = vs2022_Debug|Win32
		{34669A08-AC35-4B09-B552-C013CF826E85}.vs2022_Debug|x86.Build.0 = vs2022_Debug|Win32
		{34669A08-AC35-4B09-B552-C013CF826E85}.vs2022_Release|x64.ActiveCfg = vs2022_Release|x64
		{34669A08-AC35-4B09-B552-C013CF826E85}.vs2022_Release|x64.Build.0 = vs2022_Release|x64
		{34669A08-AC35-4B09-B552-C013CF826E85}.vs2022_Release|x86.ActiveCfg = vs2022_Release|Win32
		{34669A08-AC35-4B09-B552-C013CF826E85}.vs2022_Release|x86.Build.0 = vs2022_Release|Win32
		{D2B73A16-8B00-4106-8762-2938E7EA76F2}.vs2019_Debug|x64.ActiveCfg = vs2019_Debug|x64
		{D2B73A16-8B00-4106-8762-2938E7EA76F2}.vs2019_Debug|x64.Build.0 = vs2019_Debug|x64
		{D2B73A16-8B00-4106-8762-2938E7EA76F2}.vs2019_Debug|x86.ActiveCfg = vs2019_Debug|Win32
		{D2B73A16-8B00-4106-8762-2938E7EA76F2}.vs2019_Debug|x86.Build.0 = vs2019_Debug|Win32
		{D2B73A16-8B00-4106-8762-2938E7EA76F2}.vs2019_Release|x64.ActiveCfg = vs2019_Release|x64
		{D2B73A16-8B00-4106-8762-2938E7EA76F2}.vs2019_Release|x64.Build.0 = vs2019_Release|x64
		{D2B73A16-8B00-4106-8762-2938E7EA76F2}.vs2019_Release|x86.ActiveCfg = vs2019_Release|Win32
		{D2B73A16-8B00-4106-8762-2938E7EA76F2}.vs2019_Release|x86.Build.0 = vs2019_Release|Win32
		{D2B73A16-8B00-4106-8762-2938E7EA76F2}.vs2022_Debug|x64.ActiveCfg = vs2022_Debug|x64
		{D2B73A16-8B00-4106-8762-2938E7EA76F2}.vs2022_Debug|x64.Build.0 = vs2022_Debug|x64
		{D2B73A16-8B00-4106-8762-2938E7EA76F2}.vs2022_Debug|x86.ActiveCfg = vs2022_Debug|Win32
		{D2B73A16-8B00-4106-8762-2938E7EA76F2}.vs2022_Debug|x86.Build.0 = vs2022_Debug|Win32
		{D2B73A16-8B00-4106-8762-2938E7EA76F2}.vs2022_Release|x64.ActiveCfg = vs2022_Release|x64
		{D2B73A16-8B00-4106-8762-2938E7EA76F2}.vs2022_Release|x64.Build.0 = vs2022_Release|x64
		{D2B73A16-8B00-4106-8762-2938E7EA76F2}.vs2022_Release|x86.ActiveCfg = vs2022_Release|Win32
		{D2B73A16-8B00-4106-8762-2938E7EA76F2}.vs2022_Release|x86.Build.0 = vs2022_Release|Win32
		{D55386F6-1119-4AD1-9052-2690C3FE777D}.vs2019_Debug|x64.ActiveCfg = vs2019_Debug|x64
		{D55386F6-1119-4AD1-9052-2690C3FE777D}.vs2019_Debug|x64.Build.0 = vs2019_Debug|x64
		{D55386F6-1119-4AD1-9052-2690C3FE777D}.vs2019_Debug|x86.ActiveCfg = vs2019_Debug|Win32
		{D55386F6-1119-4AD1-9052-2690C3FE777D}.vs2019_Debug|x86.Build.0 = vs2019_Debug|Win32
		{D55386F6-1119-4AD1-9052-2690C3FE777D}.vs2019_Release|x64.ActiveCfg = vs2019_Release|x64
		{D55386F6-1119-4AD1-9052-2690C3FE777D}.vs2019_Release|x64.Build.0 = vs2019_Release|x64
		{D55386F6-1119-4AD1-9052-2690C3FE777D}.vs2019_Release|x86.ActiveCfg = vs2019_Release|Win32
		{D55386F6-1119-4AD1-9052-2690C3FE777D}.vs2019_Release|x86.Build.0 = vs2019_Release|Win32
		{D55386F6-1119-4AD1-9052-2690C3FE777D}.vs2022_Debug|x64.ActiveCfg = vs2022_Debug|x64
		{D55386F6-1119-4AD1-9052-2690C3FE777D}.vs2022_Debug|x64.Build.0 = vs2022_Debug|x64
		{D55386F6-1119-4AD1-9052-2690C3FE777D}.vs2022_Debug|x86.ActiveCfg = vs2022_Debug|Win32
		{D55386F6-1119-4AD1-9052-2690C3FE777D}.vs2022_Debug|x86.Build.0 = vs2022_Debug|Win32
		{D55386F6-1119-4AD1-9052-2690C3FE777D}.vs2022_Release|x64.ActiveCfg = vs2022_Release|x64
		{D55386F6-1119-4AD1-9052-2690C3FE777D}.vs2022_Release|x64.Build.0 = vs2022_Release|x64
		{D55386F6-1119-4AD1-9052-2690C3FE777D}.vs2022_Release|x86.ActiveCfg = vs2022_Release|Win32
		{D55386F6-1119-4AD1-9052-2690C3FE777D}.vs2022_Release|x86.Build.0 = vs2022_Release|Win32
		{96DE38BD-545F-4A54-942C-08195B42A16A}.vs2019_Debug|x64.ActiveCfg = vs2019_Debug|x64
		{96DE38BD-545F-4A54-942C-08195B42A16A}.vs2019_Debug|x64.Build.0 = vs2019_Debug|x64
		{96DE38BD-545F-4A54-942C-08195B42A16A}.vs2019_Debug|x86.ActiveCfg = vs2019_Debug|Win32
		{96DE38BD-545F-4A54-942C-08195B42A16A}.vs2019_Debug|x86.Build.0 = vs2019_Debug|Win32
		{96DE38BD-545F-4A54-942C-08195B42A16A}.vs2019_Release|x64.ActiveCfg = vs2019_Release|x64
		{96DE38BD-545F-4A54-942C-08195B42A16A}.vs2019_Release|x64.Build.0 = vs2019_Release|x64
		{96DE38BD-545F-4A54-942C-08195B42A16A}.vs2019_Release|x86.ActiveCfg = vs2019_Release|Win32
		{96DE38BD-545F-4A54-942C-08195B42A16A}.vs2019_Release|x86.Build.0 = vs2019_Release|Win32
		{96DE38BD-545F-4A54-942C-08195B42A16A}.vs2022_Debug|x64.ActiveCfg = vs2022_Debug|x64
		{96DE38BD-545F-4A54-942C-08195B42A16A}.vs2022_Debug|x64.Build.0 = vs2022_Debug|x64
		{96DE38BD-545F-4A54-942C-08195B42A16A}.vs2022_Debug|x86.ActiveCfg = vs2022_Debug|Win32
		{96DE38BD-545F-4A54-942C-08195B42A16A}.vs2022_Debug|x86.Build.0 = vs2022_Debug|Win32
		{96DE38BD-545F-4A54-942C-08195B42A16A}.vs2022_Release|x64.ActiveCfg = vs2022_Release|x64
		{96DE38BD-545F-4A54-942C-08195B42A16A}.vs2022_Release|x64.Build.0 = vs2022_Release|x64
		{96DE38BD-545F-4A54-942C-08195B42A16A}.vs2022_Release|x86.ActiveCfg = vs2022_Release|Win32
		{96DE38BD-545F-4A54-942C-08195B42A16A}.vs2022_Release|x86.Build.0 = vs2022_Release|Win32
	EndGlobalSection
	GlobalSection(SolutionProperties) = preSolution
		HideSolutionNode = FALSE
	EndGlobalSection
	GlobalSection(ExtensibilityGlobals) = postSolution
		SolutionGuid = {73E4E563-89C1-4896-82D5-9E2374E751EC}
	EndGlobalSection
EndGlobal
